
Microsoft Visual Studio Solution File, Format Version 12.00
# Visual Studio Version 17
VisualStudioVersion = 17.8.34330.188
MinimumVisualStudioVersion = 10.0.40219.1
Project("{FAE04EC0-301F-11D3-BF4B-00C04F79EFBC}") = "AulaMatriz", "AulaMatriz\AulaMatriz.csproj", "{1C3AD75C-A487-4423-850E-866A4FCC8F0B}"
EndProject
Global
	GlobalSection(SolutionConfigurationPlatforms) = preSolution
		Debug|Any CPU = Debug|Any CPU
		Release|Any CPU = Release|Any CPU
	EndGlobalSection
	GlobalSection(ProjectConfigurationPlatforms) = postSolution
		{1C3AD75C-A487-4423-850E-866A4FCC8F0B}.Debug|Any CPU.ActiveCfg = Debug|Any CPU
		{1C3AD75C-A487-4423-850E-866A4FCC8F0B}.Debug|Any CPU.Build.0 = Debug|Any CPU
		{1C3AD75C-A487-4423-850E-866A4FCC8F0B}.Release|Any CPU.ActiveCfg = Release|Any CPU
		{1C3AD75C-A487-4423-850E-866A4FCC8F0B}.Release|Any CPU.Build.0 = Release|Any CPU
	EndGlobalSection
	GlobalSection(SolutionProperties) = preSolution
		HideSolutionNode = FALSE
	EndGlobalSection
	GlobalSection(ExtensibilityGlobals) = postSolution
		SolutionGuid = {DEE712E2-3FC2-40FE-8121-478734583E3E}
	EndGlobalSection
EndGlobal
